
Microsoft Visual Studio Solution File, Format Version 12.00
# Visual Studio 15
VisualStudioVersion = 15.0.26430.15
MinimumVisualStudioVersion = 10.0.40219.1
Project("{FAE04EC0-301F-11D3-BF4B-00C04F79EFBC}") = "CottonCandy.Dashboard.MVC", "MVC5_full_version\CottonCandy.Dashboard.MVC.csproj", "{30EB55A3-DC65-4E67-B276-9B47A1E02B0A}"
EndProject
Project("{FAE04EC0-301F-11D3-BF4B-00C04F79EFBC}") = "CottonCandy.BLL", "CottonCandy.BLL\CottonCandy.BLL.csproj", "{A7EA4BFC-E9AA-4C5B-99CA-8106C9596E75}"
EndProject
Project("{FAE04EC0-301F-11D3-BF4B-00C04F79EFBC}") = "CottonCandy.DLL", "CottonCandy.DLL\CottonCandy.DLL.csproj", "{A9498699-A3D7-40B1-A5C1-3ACC8E9D3C70}"
EndProject
Global
	GlobalSection(SolutionConfigurationPlatforms) = preSolution
		Debug|Any CPU = Debug|Any CPU
		Release|Any CPU = Release|Any CPU
	EndGlobalSection
	GlobalSection(ProjectConfigurationPlatforms) = postSolution
		{30EB55A3-DC65-4E67-B276-9B47A1E02B0A}.Debug|Any CPU.ActiveCfg = Debug|Any CPU
		{30EB55A3-DC65-4E67-B276-9B47A1E02B0A}.Debug|Any CPU.Build.0 = Debug|Any CPU
		{30EB55A3-DC65-4E67-B276-9B47A1E02B0A}.Release|Any CPU.ActiveCfg = Release|Any CPU
		{30EB55A3-DC65-4E67-B276-9B47A1E02B0A}.Release|Any CPU.Build.0 = Release|Any CPU
		{A7EA4BFC-E9AA-4C5B-99CA-8106C9596E75}.Debug|Any CPU.ActiveCfg = Debug|Any CPU
		{A7EA4BFC-E9AA-4C5B-99CA-8106C9596E75}.Debug|Any CPU.Build.0 = Debug|Any CPU
		{A7EA4BFC-E9AA-4C5B-99CA-8106C9596E75}.Release|Any CPU.ActiveCfg = Release|Any CPU
		{A7EA4BFC-E9AA-4C5B-99CA-8106C9596E75}.Release|Any CPU.Build.0 = Release|Any CPU
		{A9498699-A3D7-40B1-A5C1-3ACC8E9D3C70}.Debug|Any CPU.ActiveCfg = Debug|Any CPU
		{A9498699-A3D7-40B1-A5C1-3ACC8E9D3C70}.Debug|Any CPU.Build.0 = Debug|Any CPU
		{A9498699-A3D7-40B1-A5C1-3ACC8E9D3C70}.Release|Any CPU.ActiveCfg = Release|Any CPU
		{A9498699-A3D7-40B1-A5C1-3ACC8E9D3C70}.Release|Any CPU.Build.0 = Release|Any CPU
	EndGlobalSection
	GlobalSection(SolutionProperties) = preSolution
		HideSolutionNode = FALSE
	EndGlobalSection
EndGlobal
